{
  "version": 4,
  "terraform_version": "1.11.4",
  "serial": 10,
  "lineage": "fc8eaf4a-181b-75ec-d27e-b81ae76d552b",
  "outputs": {
    "flow_id": {
      "value": "dac71f5f-4417-4fe6-97a8-20ff59dca806",
      "type": "string"
    },
    "queue_id": {
      "value": "87178c86-128e-48b4-9916-8488ce611991",
      "type": "string"
    }
  },
  "resources": [
    {
      "mode": "managed",
      "type": "genesyscloud_flow",
      "name": "inbound_flow",
      "provider": "provider[\"registry.terraform.io/mypurecloud/genesyscloud\"]",
      "instances": [
        {
          "schema_version": 1,
          "attributes": {
            "file_content_hash": "",
            "filepath": "./../flows/smart_callback_flow.yaml",
            "force_unlock": null,
            "id": "dac71f5f-4417-4fe6-97a8-20ff59dca806",
            "name": "Workshop Smart Callback Flow",
            "substitutions": {
              "queue_name": "Workshop-Callback-Queue"
            },
            "type": "inboundcall"
          },
          "sensitive_attributes": [],
          "private": "eyJzY2hlbWFfdmVyc2lvbiI6IjEifQ=="
        }
      ]
    },
    {
      "mode": "managed",
      "type": "genesyscloud_routing_queue",
      "name": "callback_queue",
      "provider": "provider[\"registry.terraform.io/mypurecloud/genesyscloud\"]",
      "instances": [
        {
          "schema_version": 2,
          "attributes": {
            "acw_timeout_ms": 0,
            "acw_wrapup_prompt": "MANDATORY",
            "agent_owned_routing": [],
            "auto_answer_only": true,
            "bullseye_rings": [],
            "calling_party_name": "",
            "calling_party_number": "",
            "canned_response_libraries": [],
            "conditional_group_routing_rules": [],
            "default_script_ids": {},
            "description": "",
            "direct_routing": [],
            "division_id": "f267d1b7-dd0d-4b0c-97fe-d7cf3b6e85e7",
            "email_in_queue_flow_id": "",
            "enable_audio_monitoring": false,
            "enable_manual_assignment": false,
            "enable_transcription": false,
            "groups": [],
            "id": "87178c86-128e-48b4-9916-8488ce611991",
            "ignore_members": null,
            "last_agent_routing_mode": "AnyAgent",
            "media_settings_call": [
              {
                "alerting_timeout_sec": 8,
                "enable_auto_answer": false,
                "service_level_duration_ms": 20000,
                "service_level_percentage": 0.8,
                "sub_type_settings": []
              }
            ],
            "media_settings_callback": [
              {
                "alerting_timeout_sec": 30,
                "answering_machine_flow_id": "",
                "answering_machine_reaction_type": "",
                "auto_answer_alert_tone_seconds": 0,
                "auto_dial_delay_seconds": 300,
                "auto_end_delay_seconds": 300,
                "enable_auto_answer": false,
                "enable_auto_dial_and_end": false,
                "live_voice_flow_id": "",
                "live_voice_reaction_type": "",
                "manual_answer_alert_tone_seconds": 0,
                "mode": "AgentFirst",
                "pacing_modifier": 0,
                "service_level_duration_ms": 20000,
                "service_level_percentage": 0.8,
                "sub_type_settings": []
              }
            ],
            "media_settings_chat": [
              {
                "alerting_timeout_sec": 30,
                "enable_auto_answer": false,
                "service_level_duration_ms": 20000,
                "service_level_percentage": 0.8,
                "sub_type_settings": []
              }
            ],
            "media_settings_email": [
              {
                "alerting_timeout_sec": 300,
                "enable_auto_answer": false,
                "service_level_duration_ms": 86400000,
                "service_level_percentage": 0.8,
                "sub_type_settings": []
              }
            ],
            "media_settings_message": [
              {
                "alerting_timeout_sec": 30,
                "enable_auto_answer": false,
                "service_level_duration_ms": 20000,
                "service_level_percentage": 0.8,
                "sub_type_settings": []
              }
            ],
            "members": [],
            "message_in_queue_flow_id": "",
            "name": "Workshop-Callback-Queue",
            "on_hold_prompt_id": "",
            "outbound_email_address": [],
            "outbound_messaging_open_messaging_recipient_id": "",
            "outbound_messaging_sms_address_id": "",
            "outbound_messaging_whatsapp_recipient_id": "",
            "peer_id": "",
            "queue_flow_id": "",
            "routing_rules": [],
            "scoring_method": "TimestampAndPriority",
            "skill_evaluation_method": "ALL",
            "skill_groups": [],
            "source_queue_id": null,
            "suppress_in_queue_call_recording": true,
            "teams": [],
            "whisper_prompt_id": "",
            "wrapup_codes": [
              "1a3a3542-6c0d-4100-baf6-a584fe3539c3"
            ]
          },
          "sensitive_attributes": [],
          "private": "eyJzY2hlbWFfdmVyc2lvbiI6IjIifQ==",
          "dependencies": [
            "genesyscloud_routing_wrapupcode.callback_wrapup"
          ]
        }
      ]
    },
    {
      "mode": "managed",
      "type": "genesyscloud_routing_wrapupcode",
      "name": "callback_wrapup",
      "provider": "provider[\"registry.terraform.io/mypurecloud/genesyscloud\"]",
      "instances": [
        {
          "schema_version": 1,
          "attributes": {
            "description": "",
            "division_id": "*",
            "id": "1a3a3542-6c0d-4100-baf6-a584fe3539c3",
            "name": "Callback Requested"
          },
          "sensitive_attributes": [],
          "private": "eyJzY2hlbWFfdmVyc2lvbiI6IjEifQ=="
        }
      ]
    }
  ],
  "check_results": null
}
